
Microsoft Visual Studio Solution File, Format Version 12.00
# Visual Studio Version 17
VisualStudioVersion = 17.5.33516.290
MinimumVisualStudioVersion = 10.0.40219.1
Project("{FAE04EC0-301F-11D3-BF4B-00C04F79EFBC}") = "TinderDog.WebApp", "TinderDog.WebApp\TinderDog.WebApp.csproj", "{22F6711E-DD01-464D-9E54-A9D97DB2B3AF}"
EndProject
Project("{FAE04EC0-301F-11D3-BF4B-00C04F79EFBC}") = "TinderDog.Domain", "TinderDog.Domain\TinderDog.Domain.csproj", "{ECA840AA-81E8-41AC-B914-5B81E2EBEA41}"
EndProject
Project("{FAE04EC0-301F-11D3-BF4B-00C04F79EFBC}") = "TinderDog.Data", "TinderDog.Data\TinderDog.Data.csproj", "{A1D89DE9-BC78-44BC-AE7C-952AB0D8FFC2}"
EndProject
Global
	GlobalSection(SolutionConfigurationPlatforms) = preSolution
		Debug|Any CPU = Debug|Any CPU
		Release|Any CPU = Release|Any CPU
	EndGlobalSection
	GlobalSection(ProjectConfigurationPlatforms) = postSolution
		{22F6711E-DD01-464D-9E54-A9D97DB2B3AF}.Debug|Any CPU.ActiveCfg = Debug|Any CPU
		{22F6711E-DD01-464D-9E54-A9D97DB2B3AF}.Debug|Any CPU.Build.0 = Debug|Any CPU
		{22F6711E-DD01-464D-9E54-A9D97DB2B3AF}.Release|Any CPU.ActiveCfg = Release|Any CPU
		{22F6711E-DD01-464D-9E54-A9D97DB2B3AF}.Release|Any CPU.Build.0 = Release|Any CPU
		{ECA840AA-81E8-41AC-B914-5B81E2EBEA41}.Debug|Any CPU.ActiveCfg = Debug|Any CPU
		{ECA840AA-81E8-41AC-B914-5B81E2EBEA41}.Debug|Any CPU.Build.0 = Debug|Any CPU
		{ECA840AA-81E8-41AC-B914-5B81E2EBEA41}.Release|Any CPU.ActiveCfg = Release|Any CPU
		{ECA840AA-81E8-41AC-B914-5B81E2EBEA41}.Release|Any CPU.Build.0 = Release|Any CPU
		{A1D89DE9-BC78-44BC-AE7C-952AB0D8FFC2}.Debug|Any CPU.ActiveCfg = Debug|Any CPU
		{A1D89DE9-BC78-44BC-AE7C-952AB0D8FFC2}.Debug|Any CPU.Build.0 = Debug|Any CPU
		{A1D89DE9-BC78-44BC-AE7C-952AB0D8FFC2}.Release|Any CPU.ActiveCfg = Release|Any CPU
		{A1D89DE9-BC78-44BC-AE7C-952AB0D8FFC2}.Release|Any CPU.Build.0 = Release|Any CPU
	EndGlobalSection
	GlobalSection(SolutionProperties) = preSolution
		HideSolutionNode = FALSE
	EndGlobalSection
	GlobalSection(ExtensibilityGlobals) = postSolution
		SolutionGuid = {B162A4AE-7EAF-4482-9BFE-5EBE2CF4C4CF}
	EndGlobalSection
EndGlobal
